// !$*UTF8*$!
{
	archiveVersion = 1;
	classes = {
	};
	objectVersion = 56;
	objects = {

/* Begin PBXBuildFile section */
		502B14182728838B00C00D02 /* OverlayAdder.swift in Sources */ = {isa = PBXBuildFile; fileRef = 502B14172728838B00C00D02 /* OverlayAdder.swift */; };
		502B141A27288B8C00C00D02 /* GeneralSettingsControler.swift in Sources */ = {isa = PBXBuildFile; fileRef = 502B141927288B8C00C00D02 /* GeneralSettingsControler.swift */; };
		50766EA927281FB4007DD881 /* OverlaySheetController.swift in Sources */ = {isa = PBXBuildFile; fileRef = 50766EA827281FB4007DD881 /* OverlaySheetController.swift */; };
		5081FA2F272338B600FDA952 /* OutlineViewController.swift in Sources */ = {isa = PBXBuildFile; fileRef = 5081FA2E272338B600FDA952 /* OutlineViewController.swift */; };
		5081FA3127234ACD00FDA952 /* Localizable.strings in Resources */ = {isa = PBXBuildFile; fileRef = 5081FA3027234ACD00FDA952 /* Localizable.strings */; };
		5081FA3327234D1F00FDA952 /* OutlineDelegate.swift in Sources */ = {isa = PBXBuildFile; fileRef = 5081FA3227234D1F00FDA952 /* OutlineDelegate.swift */; };
		5081FA3527234D5900FDA952 /* SeperatorView.swift in Sources */ = {isa = PBXBuildFile; fileRef = 5081FA3427234D5900FDA952 /* SeperatorView.swift */; };
		5081FA39272362D800FDA952 /* OverlayConfigs.swift in Sources */ = {isa = PBXBuildFile; fileRef = 5081FA38272362D800FDA952 /* OverlayConfigs.swift */; };
		50841AF3270DFA36005B7D3F /* AppDelegate.swift in Sources */ = {isa = PBXBuildFile; fileRef = 50841AF2270DFA36005B7D3F /* AppDelegate.swift */; };
		50841AF5270DFA36005B7D3F /* WebViewController.swift in Sources */ = {isa = PBXBuildFile; fileRef = 50841AF4270DFA36005B7D3F /* WebViewController.swift */; };
		50841AF7270DFA37005B7D3F /* Assets.xcassets in Resources */ = {isa = PBXBuildFile; fileRef = 50841AF6270DFA37005B7D3F /* Assets.xcassets */; };
		50841AFA270DFA37005B7D3F /* Main.storyboard in Resources */ = {isa = PBXBuildFile; fileRef = 50841AF8270DFA37005B7D3F /* Main.storyboard */; };
		50863E3927272E5C00772C5A /* OverlayURL.swift in Sources */ = {isa = PBXBuildFile; fileRef = 50863E3827272E5C00772C5A /* OverlayURL.swift */; };
		5087F2522725841600117F2F /* OverlaySettingsController.swift in Sources */ = {isa = PBXBuildFile; fileRef = 5087F2512725841600117F2F /* OverlaySettingsController.swift */; };
		508A913527283D93008C20AE /* Notifications.swift in Sources */ = {isa = PBXBuildFile; fileRef = 508A913427283D93008C20AE /* Notifications.swift */; };
		50A1BFC3272C697C00AE8AC7 /* LICENSE.txt in Resources */ = {isa = PBXBuildFile; fileRef = 50A1BFC2272C697C00AE8AC7 /* LICENSE.txt */; };
		50C112442722C92100F62390 /* SidebarViewController.swift in Sources */ = {isa = PBXBuildFile; fileRef = 50C112432722C92100F62390 /* SidebarViewController.swift */; };
		50C112482722F03B00F62390 /* SplitViewController.swift in Sources */ = {isa = PBXBuildFile; fileRef = 50C112472722F03B00F62390 /* SplitViewController.swift */; };
		50C112502722F4D600F62390 /* Node.swift in Sources */ = {isa = PBXBuildFile; fileRef = 50C1124F2722F4D600F62390 /* Node.swift */; };
		50C1125227230B9700F62390 /* DragNDrop.swift in Sources */ = {isa = PBXBuildFile; fileRef = 50C1125127230B9700F62390 /* DragNDrop.swift */; };
		50E8825629B5E310003036B6 /* overlays.json in Resources */ = {isa = PBXBuildFile; fileRef = 50E8825529B5E310003036B6 /* overlays.json */; };
/* End PBXBuildFile section */

/* Begin PBXFileReference section */
		502B14172728838B00C00D02 /* OverlayAdder.swift */ = {isa = PBXFileReference; lastKnownFileType = sourcecode.swift; path = OverlayAdder.swift; sourceTree = "<group>"; };
		502B141927288B8C00C00D02 /* GeneralSettingsControler.swift */ = {isa = PBXFileReference; lastKnownFileType = sourcecode.swift; path = GeneralSettingsControler.swift; sourceTree = "<group>"; };
		50766EA827281FB4007DD881 /* OverlaySheetController.swift */ = {isa = PBXFileReference; lastKnownFileType = sourcecode.swift; path = OverlaySheetController.swift; sourceTree = "<group>"; };
		5081FA2E272338B600FDA952 /* OutlineViewController.swift */ = {isa = PBXFileReference; lastKnownFileType = sourcecode.swift; path = OutlineViewController.swift; sourceTree = "<group>"; };
		5081FA3027234ACD00FDA952 /* Localizable.strings */ = {isa = PBXFileReference; fileEncoding = 4; lastKnownFileType = text.plist.strings; path = Localizable.strings; sourceTree = "<group>"; };
		5081FA3227234D1F00FDA952 /* OutlineDelegate.swift */ = {isa = PBXFileReference; lastKnownFileType = sourcecode.swift; path = OutlineDelegate.swift; sourceTree = "<group>"; };
		5081FA3427234D5900FDA952 /* SeperatorView.swift */ = {isa = PBXFileReference; lastKnownFileType = sourcecode.swift; path = SeperatorView.swift; sourceTree = "<group>"; };
		5081FA38272362D800FDA952 /* OverlayConfigs.swift */ = {isa = PBXFileReference; lastKnownFileType = sourcecode.swift; path = OverlayConfigs.swift; sourceTree = "<group>"; };
		50841AEF270DFA36005B7D3F /* BunnyHUD.app */ = {isa = PBXFileReference; explicitFileType = wrapper.application; includeInIndex = 0; path = BunnyHUD.app; sourceTree = BUILT_PRODUCTS_DIR; };
		50841AF2270DFA36005B7D3F /* AppDelegate.swift */ = {isa = PBXFileReference; lastKnownFileType = sourcecode.swift; path = AppDelegate.swift; sourceTree = "<group>"; };
		50841AF4270DFA36005B7D3F /* WebViewController.swift */ = {isa = PBXFileReference; lastKnownFileType = sourcecode.swift; path = WebViewController.swift; sourceTree = "<group>"; };
		50841AF6270DFA37005B7D3F /* Assets.xcassets */ = {isa = PBXFileReference; lastKnownFileType = folder.assetcatalog; path = Assets.xcassets; sourceTree = "<group>"; };
		50841AF9270DFA37005B7D3F /* Base */ = {isa = PBXFileReference; lastKnownFileType = file.storyboard; name = Base; path = Base.lproj/Main.storyboard; sourceTree = "<group>"; };
		50863E3827272E5C00772C5A /* OverlayURL.swift */ = {isa = PBXFileReference; lastKnownFileType = sourcecode.swift; path = OverlayURL.swift; sourceTree = "<group>"; };
		5087F24F2725518700117F2F /* BunnyHUD.entitlements */ = {isa = PBXFileReference; lastKnownFileType = text.plist.entitlements; path = BunnyHUD.entitlements; sourceTree = "<group>"; };
		5087F2512725841600117F2F /* OverlaySettingsController.swift */ = {isa = PBXFileReference; lastKnownFileType = sourcecode.swift; path = OverlaySettingsController.swift; sourceTree = "<group>"; };
		508A913427283D93008C20AE /* Notifications.swift */ = {isa = PBXFileReference; lastKnownFileType = sourcecode.swift; path = Notifications.swift; sourceTree = "<group>"; };
		50A1BFC2272C697C00AE8AC7 /* LICENSE.txt */ = {isa = PBXFileReference; fileEncoding = 4; lastKnownFileType = text; path = LICENSE.txt; sourceTree = "<group>"; };
		50B1A33F2714860C008D58AF /* Info.plist */ = {isa = PBXFileReference; lastKnownFileType = text.plist; path = Info.plist; sourceTree = "<group>"; };
		50C112432722C92100F62390 /* SidebarViewController.swift */ = {isa = PBXFileReference; lastKnownFileType = sourcecode.swift; path = SidebarViewController.swift; sourceTree = "<group>"; };
		50C112472722F03B00F62390 /* SplitViewController.swift */ = {isa = PBXFileReference; lastKnownFileType = sourcecode.swift; path = SplitViewController.swift; sourceTree = "<group>"; };
		50C1124F2722F4D600F62390 /* Node.swift */ = {isa = PBXFileReference; lastKnownFileType = sourcecode.swift; path = Node.swift; sourceTree = "<group>"; };
		50C1125127230B9700F62390 /* DragNDrop.swift */ = {isa = PBXFileReference; lastKnownFileType = sourcecode.swift; path = DragNDrop.swift; sourceTree = "<group>"; };
		50E8825529B5E310003036B6 /* overlays.json */ = {isa = PBXFileReference; fileEncoding = 4; lastKnownFileType = text.json; name = overlays.json; path = "act-overlays/overlays.json"; sourceTree = "<group>"; };
/* End PBXFileReference section */

/* Begin PBXFrameworksBuildPhase section */
		50841AEC270DFA36005B7D3F /* Frameworks */ = {
			isa = PBXFrameworksBuildPhase;
			buildActionMask = 2147483647;
			files = (
			);
			runOnlyForDeploymentPostprocessing = 0;
		};
/* End PBXFrameworksBuildPhase section */

/* Begin PBXGroup section */
		50841AE6270DFA36005B7D3F = {
			isa = PBXGroup;
			children = (
				50841AF1270DFA36005B7D3F /* BunnyHUD */,
				50841AF0270DFA36005B7D3F /* Products */,
			);
			sourceTree = "<group>";
		};
		50841AF0270DFA36005B7D3F /* Products */ = {
			isa = PBXGroup;
			children = (
				50841AEF270DFA36005B7D3F /* BunnyHUD.app */,
			);
			name = Products;
			sourceTree = "<group>";
		};
		50841AF1270DFA36005B7D3F /* BunnyHUD */ = {
			isa = PBXGroup;
			children = (
				50E8825529B5E310003036B6 /* overlays.json */,
				5087F24F2725518700117F2F /* BunnyHUD.entitlements */,
				50B1A33F2714860C008D58AF /* Info.plist */,
				50841AF2270DFA36005B7D3F /* AppDelegate.swift */,
				508A913427283D93008C20AE /* Notifications.swift */,
				50841AF4270DFA36005B7D3F /* WebViewController.swift */,
				50C112432722C92100F62390 /* SidebarViewController.swift */,
				50766EA827281FB4007DD881 /* OverlaySheetController.swift */,
				50C112492722F04E00F62390 /* Sidebar */,
				5087F2502725836300117F2F /* Detail */,
				50C1124F2722F4D600F62390 /* Node.swift */,
				502B14172728838B00C00D02 /* OverlayAdder.swift */,
				50863E3827272E5C00772C5A /* OverlayURL.swift */,
				50841AF6270DFA37005B7D3F /* Assets.xcassets */,
				50841AF8270DFA37005B7D3F /* Main.storyboard */,
				5081FA3027234ACD00FDA952 /* Localizable.strings */,
				50A1BFC2272C697C00AE8AC7 /* LICENSE.txt */,
			);
			path = BunnyHUD;
			sourceTree = "<group>";
		};
		5087F2502725836300117F2F /* Detail */ = {
			isa = PBXGroup;
			children = (
				5081FA38272362D800FDA952 /* OverlayConfigs.swift */,
				502B141927288B8C00C00D02 /* GeneralSettingsControler.swift */,
				5087F2512725841600117F2F /* OverlaySettingsController.swift */,
			);
			path = Detail;
			sourceTree = "<group>";
		};
		50C112492722F04E00F62390 /* Sidebar */ = {
			isa = PBXGroup;
			children = (
				5081FA2E272338B600FDA952 /* OutlineViewController.swift */,
				50C1125127230B9700F62390 /* DragNDrop.swift */,
				50C112472722F03B00F62390 /* SplitViewController.swift */,
				5081FA3227234D1F00FDA952 /* OutlineDelegate.swift */,
				5081FA3427234D5900FDA952 /* SeperatorView.swift */,
			);
			path = Sidebar;
			sourceTree = "<group>";
		};
/* End PBXGroup section */

/* Begin PBXNativeTarget section */
		50841AEE270DFA36005B7D3F /* BunnyHUD */ = {
			isa = PBXNativeTarget;
			buildConfigurationList = 50841AFE270DFA37005B7D3F /* Build configuration list for PBXNativeTarget "BunnyHUD" */;
			buildPhases = (
				50841AEB270DFA36005B7D3F /* Sources */,
				50841AEC270DFA36005B7D3F /* Frameworks */,
				50841AED270DFA36005B7D3F /* Resources */,
			);
			buildRules = (
			);
			dependencies = (
			);
			name = BunnyHUD;
			productName = HUDOverlayMac;
			productReference = 50841AEF270DFA36005B7D3F /* BunnyHUD.app */;
			productType = "com.apple.product-type.application";
		};
/* End PBXNativeTarget section */

/* Begin PBXProject section */
		50841AE7270DFA36005B7D3F /* Project object */ = {
			isa = PBXProject;
			attributes = {
				BuildIndependentTargetsInParallel = 1;
				LastSwiftUpdateCheck = 1300;
				LastUpgradeCheck = 1300;
				TargetAttributes = {
					50841AEE270DFA36005B7D3F = {
						CreatedOnToolsVersion = 13.0;
					};
				};
			};
			buildConfigurationList = 50841AEA270DFA36005B7D3F /* Build configuration list for PBXProject "BunnyHUD" */;
			compatibilityVersion = "Xcode 14.0";
			developmentRegion = en;
			hasScannedForEncodings = 0;
			knownRegions = (
				en,
				Base,
			);
			mainGroup = 50841AE6270DFA36005B7D3F;
			productRefGroup = 50841AF0270DFA36005B7D3F /* Products */;
			projectDirPath = "";
			projectRoot = "";
			targets = (
				50841AEE270DFA36005B7D3F /* BunnyHUD */,
			);
		};
/* End PBXProject section */

/* Begin PBXResourcesBuildPhase section */
		50841AED270DFA36005B7D3F /* Resources */ = {
			isa = PBXResourcesBuildPhase;
			buildActionMask = 2147483647;
			files = (
				50E8825629B5E310003036B6 /* overlays.json in Resources */,
				50841AF7270DFA37005B7D3F /* Assets.xcassets in Resources */,
				5081FA3127234ACD00FDA952 /* Localizable.strings in Resources */,
				50A1BFC3272C697C00AE8AC7 /* LICENSE.txt in Resources */,
				50841AFA270DFA37005B7D3F /* Main.storyboard in Resources */,
			);
			runOnlyForDeploymentPostprocessing = 0;
		};
/* End PBXResourcesBuildPhase section */

/* Begin PBXSourcesBuildPhase section */
		50841AEB270DFA36005B7D3F /* Sources */ = {
			isa = PBXSourcesBuildPhase;
			buildActionMask = 2147483647;
			files = (
				502B141A27288B8C00C00D02 /* GeneralSettingsControler.swift in Sources */,
				5081FA3527234D5900FDA952 /* SeperatorView.swift in Sources */,
				50C112442722C92100F62390 /* SidebarViewController.swift in Sources */,
				50863E3927272E5C00772C5A /* OverlayURL.swift in Sources */,
				50841AF5270DFA36005B7D3F /* WebViewController.swift in Sources */,
				50766EA927281FB4007DD881 /* OverlaySheetController.swift in Sources */,
				50841AF3270DFA36005B7D3F /* AppDelegate.swift in Sources */,
				5081FA3327234D1F00FDA952 /* OutlineDelegate.swift in Sources */,
				5087F2522725841600117F2F /* OverlaySettingsController.swift in Sources */,
				508A913527283D93008C20AE /* Notifications.swift in Sources */,
				50C1125227230B9700F62390 /* DragNDrop.swift in Sources */,
				5081FA2F272338B600FDA952 /* OutlineViewController.swift in Sources */,
				50C112482722F03B00F62390 /* SplitViewController.swift in Sources */,
				50C112502722F4D600F62390 /* Node.swift in Sources */,
				5081FA39272362D800FDA952 /* OverlayConfigs.swift in Sources */,
				502B14182728838B00C00D02 /* OverlayAdder.swift in Sources */,
			);
			runOnlyForDeploymentPostprocessing = 0;
		};
/* End PBXSourcesBuildPhase section */

/* Begin PBXVariantGroup section */
		50841AF8270DFA37005B7D3F /* Main.storyboard */ = {
			isa = PBXVariantGroup;
			children = (
				50841AF9270DFA37005B7D3F /* Base */,
			);
			name = Main.storyboard;
			sourceTree = "<group>";
		};
/* End PBXVariantGroup section */

/* Begin XCBuildConfiguration section */
		50841AFC270DFA37005B7D3F /* Debug */ = {
			isa = XCBuildConfiguration;
			buildSettings = {
				ALWAYS_SEARCH_USER_PATHS = NO;
				ASSETCATALOG_COMPILER_GLOBAL_ACCENT_COLOR_NAME = 3;
				CLANG_ANALYZER_NONNULL = YES;
				CLANG_ANALYZER_NUMBER_OBJECT_CONVERSION = YES_AGGRESSIVE;
				CLANG_CXX_LANGUAGE_STANDARD = "gnu++17";
				CLANG_CXX_LIBRARY = "libc++";
				CLANG_ENABLE_MODULES = YES;
				CLANG_ENABLE_OBJC_ARC = YES;
				CLANG_ENABLE_OBJC_WEAK = YES;
				CLANG_WARN_BLOCK_CAPTURE_AUTORELEASING = YES;
				CLANG_WARN_BOOL_CONVERSION = YES;
				CLANG_WARN_COMMA = YES;
				CLANG_WARN_CONSTANT_CONVERSION = YES;
				CLANG_WARN_DEPRECATED_OBJC_IMPLEMENTATIONS = YES;
				CLANG_WARN_DIRECT_OBJC_ISA_USAGE = YES_ERROR;
				CLANG_WARN_DOCUMENTATION_COMMENTS = YES;
				CLANG_WARN_EMPTY_BODY = YES;
				CLANG_WARN_ENUM_CONVERSION = YES;
				CLANG_WARN_INFINITE_RECURSION = YES;
				CLANG_WARN_INT_CONVERSION = YES;
				CLANG_WARN_NON_LITERAL_NULL_CONVERSION = YES;
				CLANG_WARN_OBJC_IMPLICIT_RETAIN_SELF = YES;
				CLANG_WARN_OBJC_LITERAL_CONVERSION = YES;
				CLANG_WARN_OBJC_ROOT_CLASS = YES_ERROR;
				CLANG_WARN_QUOTED_INCLUDE_IN_FRAMEWORK_HEADER = YES;
				CLANG_WARN_RANGE_LOOP_ANALYSIS = YES;
				CLANG_WARN_STRICT_PROTOTYPES = YES;
				CLANG_WARN_SUSPICIOUS_MOVE = YES;
				CLANG_WARN_UNGUARDED_AVAILABILITY = YES_AGGRESSIVE;
				CLANG_WARN_UNREACHABLE_CODE = YES;
				CLANG_WARN__DUPLICATE_METHOD_MATCH = YES;
				COPY_PHASE_STRIP = NO;
				DEBUG_INFORMATION_FORMAT = dwarf;
				ENABLE_STRICT_OBJC_MSGSEND = YES;
				ENABLE_TESTABILITY = YES;
				GCC_C_LANGUAGE_STANDARD = gnu11;
				GCC_DYNAMIC_NO_PIC = NO;
				GCC_NO_COMMON_BLOCKS = YES;
				GCC_OPTIMIZATION_LEVEL = 0;
				GCC_PREPROCESSOR_DEFINITIONS = (
					"DEBUG=1",
					"$(inherited)",
				);
				GCC_WARN_64_TO_32_BIT_CONVERSION = YES;
				GCC_WARN_ABOUT_RETURN_TYPE = YES_ERROR;
				GCC_WARN_UNDECLARED_SELECTOR = YES;
				GCC_WARN_UNINITIALIZED_AUTOS = YES_AGGRESSIVE;
				GCC_WARN_UNUSED_FUNCTION = YES;
				GCC_WARN_UNUSED_VARIABLE = YES;
				MACOSX_DEPLOYMENT_TARGET = 11.3;
				MTL_ENABLE_DEBUG_INFO = INCLUDE_SOURCE;
				MTL_FAST_MATH = YES;
				ONLY_ACTIVE_ARCH = YES;
				SDKROOT = macosx;
				SWIFT_ACTIVE_COMPILATION_CONDITIONS = DEBUG;
				SWIFT_OPTIMIZATION_LEVEL = "-Onone";
			};
			name = Debug;
		};
		50841AFD270DFA37005B7D3F /* Release */ = {
			isa = XCBuildConfiguration;
			buildSettings = {
				ALWAYS_SEARCH_USER_PATHS = NO;
				ASSETCATALOG_COMPILER_GLOBAL_ACCENT_COLOR_NAME = 3;
				CLANG_ANALYZER_NONNULL = YES;
				CLANG_ANALYZER_NUMBER_OBJECT_CONVERSION = YES_AGGRESSIVE;
				CLANG_CXX_LANGUAGE_STANDARD = "gnu++17";
				CLANG_CXX_LIBRARY = "libc++";
				CLANG_ENABLE_MODULES = YES;
				CLANG_ENABLE_OBJC_ARC = YES;
				CLANG_ENABLE_OBJC_WEAK = YES;
				CLANG_WARN_BLOCK_CAPTURE_AUTORELEASING = YES;
				CLANG_WARN_BOOL_CONVERSION = YES;
				CLANG_WARN_COMMA = YES;
				CLANG_WARN_CONSTANT_CONVERSION = YES;
				CLANG_WARN_DEPRECATED_OBJC_IMPLEMENTATIONS = YES;
				CLANG_WARN_DIRECT_OBJC_ISA_USAGE = YES_ERROR;
				CLANG_WARN_DOCUMENTATION_COMMENTS = YES;
				CLANG_WARN_EMPTY_BODY = YES;
				CLANG_WARN_ENUM_CONVERSION = YES;
				CLANG_WARN_INFINITE_RECURSION = YES;
				CLANG_WARN_INT_CONVERSION = YES;
				CLANG_WARN_NON_LITERAL_NULL_CONVERSION = YES;
				CLANG_WARN_OBJC_IMPLICIT_RETAIN_SELF = YES;
				CLANG_WARN_OBJC_LITERAL_CONVERSION = YES;
				CLANG_WARN_OBJC_ROOT_CLASS = YES_ERROR;
				CLANG_WARN_QUOTED_INCLUDE_IN_FRAMEWORK_HEADER = YES;
				CLANG_WARN_RANGE_LOOP_ANALYSIS = YES;
				CLANG_WARN_STRICT_PROTOTYPES = YES;
				CLANG_WARN_SUSPICIOUS_MOVE = YES;
				CLANG_WARN_UNGUARDED_AVAILABILITY = YES_AGGRESSIVE;
				CLANG_WARN_UNREACHABLE_CODE = YES;
				CLANG_WARN__DUPLICATE_METHOD_MATCH = YES;
				COPY_PHASE_STRIP = NO;
				DEBUG_INFORMATION_FORMAT = "dwarf-with-dsym";
				ENABLE_NS_ASSERTIONS = NO;
				ENABLE_STRICT_OBJC_MSGSEND = YES;
				GCC_C_LANGUAGE_STANDARD = gnu11;
				GCC_NO_COMMON_BLOCKS = YES;
				GCC_WARN_64_TO_32_BIT_CONVERSION = YES;
				GCC_WARN_ABOUT_RETURN_TYPE = YES_ERROR;
				GCC_WARN_UNDECLARED_SELECTOR = YES;
				GCC_WARN_UNINITIALIZED_AUTOS = YES_AGGRESSIVE;
				GCC_WARN_UNUSED_FUNCTION = YES;
				GCC_WARN_UNUSED_VARIABLE = YES;
				MACOSX_DEPLOYMENT_TARGET = 11.3;
				MTL_ENABLE_DEBUG_INFO = NO;
				MTL_FAST_MATH = YES;
				SDKROOT = macosx;
				SWIFT_COMPILATION_MODE = wholemodule;
				SWIFT_OPTIMIZATION_LEVEL = "-O";
			};
			name = Release;
		};
		50841AFF270DFA37005B7D3F /* Debug */ = {
			isa = XCBuildConfiguration;
			buildSettings = {
				ASSETCATALOG_COMPILER_APPICON_NAME = AppIcon;
				ASSETCATALOG_COMPILER_GLOBAL_ACCENT_COLOR_NAME = AccentColor;
				CODE_SIGN_ENTITLEMENTS = BunnyHUD/BunnyHUD.entitlements;
				CODE_SIGN_STYLE = Automatic;
				COMBINE_HIDPI_IMAGES = YES;
				CURRENT_PROJECT_VERSION = 2;
				DEVELOPMENT_TEAM = TQJJTJ6364;
				ENABLE_HARDENED_RUNTIME = YES;
				GENERATE_INFOPLIST_FILE = YES;
				INFOPLIST_FILE = BunnyHUD/Info.plist;
				INFOPLIST_KEY_CFBundleDisplayName = "Bunny HUD";
				INFOPLIST_KEY_LSApplicationCategoryType = "public.app-category.role-playing-games";
				INFOPLIST_KEY_NSHumanReadableCopyright = "";
				INFOPLIST_KEY_NSMainStoryboardFile = Main;
				INFOPLIST_KEY_NSPrincipalClass = NSApplication;
				LD_RUNPATH_SEARCH_PATHS = (
					"$(inherited)",
					"@executable_path/../Frameworks",
				);
				MACOSX_DEPLOYMENT_TARGET = 13.1;
				MARKETING_VERSION = 2.0;
				NSAllowsArbitraryLoadsInWebContent = YES;
				PRODUCT_BUNDLE_IDENTIFIER = dezent.BunnyHUD;
				PRODUCT_NAME = "$(TARGET_NAME)";
				SWIFT_EMIT_LOC_STRINGS = YES;
				SWIFT_VERSION = 5.0;
			};
			name = Debug;
		};
		50841B00270DFA37005B7D3F /* Release */ = {
			isa = XCBuildConfiguration;
			buildSettings = {
				ASSETCATALOG_COMPILER_APPICON_NAME = AppIcon;
				ASSETCATALOG_COMPILER_GLOBAL_ACCENT_COLOR_NAME = AccentColor;
				CODE_SIGN_ENTITLEMENTS = BunnyHUD/BunnyHUD.entitlements;
				CODE_SIGN_STYLE = Automatic;
				COMBINE_HIDPI_IMAGES = YES;
				CURRENT_PROJECT_VERSION = 2;
				DEVELOPMENT_TEAM = TQJJTJ6364;
				ENABLE_HARDENED_RUNTIME = YES;
				GENERATE_INFOPLIST_FILE = YES;
				INFOPLIST_FILE = BunnyHUD/Info.plist;
				INFOPLIST_KEY_CFBundleDisplayName = "Bunny HUD";
				INFOPLIST_KEY_LSApplicationCategoryType = "public.app-category.role-playing-games";
				INFOPLIST_KEY_NSHumanReadableCopyright = "";
				INFOPLIST_KEY_NSMainStoryboardFile = Main;
				INFOPLIST_KEY_NSPrincipalClass = NSApplication;
				LD_RUNPATH_SEARCH_PATHS = (
					"$(inherited)",
					"@executable_path/../Frameworks",
				);
				MACOSX_DEPLOYMENT_TARGET = 13.1;
				MARKETING_VERSION = 2.0;
				NSAllowsArbitraryLoadsInWebContent = YES;
				PRODUCT_BUNDLE_IDENTIFIER = dezent.BunnyHUD;
				PRODUCT_NAME = "$(TARGET_NAME)";
				SWIFT_EMIT_LOC_STRINGS = YES;
				SWIFT_VERSION = 5.0;
			};
			name = Release;
		};
/* End XCBuildConfiguration section */

/* Begin XCConfigurationList section */
		50841AEA270DFA36005B7D3F /* Build configuration list for PBXProject "BunnyHUD" */ = {
			isa = XCConfigurationList;
			buildConfigurations = (
				50841AFC270DFA37005B7D3F /* Debug */,
				50841AFD270DFA37005B7D3F /* Release */,
			);
			defaultConfigurationIsVisible = 0;
			defaultConfigurationName = Release;
		};
		50841AFE270DFA37005B7D3F /* Build configuration list for PBXNativeTarget "BunnyHUD" */ = {
			isa = XCConfigurationList;
			buildConfigurations = (
				50841AFF270DFA37005B7D3F /* Debug */,
				50841B00270DFA37005B7D3F /* Release */,
			);
			defaultConfigurationIsVisible = 0;
			defaultConfigurationName = Release;
		};
/* End XCConfigurationList section */
	};
	rootObject = 50841AE7270DFA36005B7D3F /* Project object */;
}
